Microsoft Visual Studio Solution File, Format Version 12.00
# Visual Studio 2012
Project("{FAE04EC0-301F-11D3-BF4B-00C04F79EFBC}") = "ld54", "ld54.csproj", "{43FC39DA-C320-4A41-9258-8AAE68E0A2B0}"
EndProject
Global
	GlobalSection(SolutionConfigurationPlatforms) = preSolution
	Debug|Any CPU = Debug|Any CPU
	ExportDebug|Any CPU = ExportDebug|Any CPU
	ExportRelease|Any CPU = ExportRelease|Any CPU
	EndGlobalSection
	GlobalSection(ProjectConfigurationPlatforms) = postSolution
		{43FC39DA-C320-4A41-9258-8AAE68E0A2B0}.Debug|Any CPU.ActiveCfg = Debug|Any CPU
		{43FC39DA-C320-4A41-9258-8AAE68E0A2B0}.Debug|Any CPU.Build.0 = Debug|Any CPU
		{43FC39DA-C320-4A41-9258-8AAE68E0A2B0}.ExportDebug|Any CPU.ActiveCfg = ExportDebug|Any CPU
		{43FC39DA-C320-4A41-9258-8AAE68E0A2B0}.ExportDebug|Any CPU.Build.0 = ExportDebug|Any CPU
		{43FC39DA-C320-4A41-9258-8AAE68E0A2B0}.ExportRelease|Any CPU.ActiveCfg = ExportRelease|Any CPU
		{43FC39DA-C320-4A41-9258-8AAE68E0A2B0}.ExportRelease|Any CPU.Build.0 = ExportRelease|Any CPU
	EndGlobalSection
EndGlobal
